// !$*UTF8*$!
{
	archiveVersion = 1;
	classes = {
	};
	objectVersion = 46;
	objects = {

/* Begin PBXBuildFile section */
		697CF6351C3D9AC100EC4BF6 /* AppDelegate.swift in Sources */ = {isa = PBXBuildFile; fileRef = 697CF6341C3D9AC100EC4BF6 /* AppDelegate.swift */; };
		697CF6371C3D9AC100EC4BF6 /* ViewController.swift in Sources */ = {isa = PBXBuildFile; fileRef = 697CF6361C3D9AC100EC4BF6 /* ViewController.swift */; };
		697CF63A1C3D9AC100EC4BF6 /* Main.storyboard in Resources */ = {isa = PBXBuildFile; fileRef = 697CF6381C3D9AC100EC4BF6 /* Main.storyboard */; };
		697CF63C1C3D9AC100EC4BF6 /* Assets.xcassets in Resources */ = {isa = PBXBuildFile; fileRef = 697CF63B1C3D9AC100EC4BF6 /* Assets.xcassets */; };
		697CF63F1C3D9AC100EC4BF6 /* LaunchScreen.storyboard in Resources */ = {isa = PBXBuildFile; fileRef = 697CF63D1C3D9AC100EC4BF6 /* LaunchScreen.storyboard */; };
		697CF64A1C3D9AC100EC4BF6 /* AboutMeTests.swift in Sources */ = {isa = PBXBuildFile; fileRef = 697CF6491C3D9AC100EC4BF6 /* AboutMeTests.swift */; };
/* End PBXBuildFile section */

/* Begin PBXContainerItemProxy section */
		697CF6461C3D9AC100EC4BF6 /* PBXContainerItemProxy */ = {
			isa = PBXContainerItemProxy;
			containerPortal = 697CF6291C3D9AC100EC4BF6 /* Project object */;
			proxyType = 1;
			remoteGlobalIDString = 697CF6301C3D9AC100EC4BF6;
			remoteInfo = AboutMe;
		};
/* End PBXContainerItemProxy section */

/* Begin PBXFileReference section */
		697CF6311C3D9AC100EC4BF6 /* AboutMe.app */ = {isa = PBXFileReference; explicitFileType = wrapper.application; includeInIndex = 0; path = AboutMe.app; sourceTree = BUILT_PRODUCTS_DIR; };
		697CF6341C3D9AC100EC4BF6 /* AppDelegate.swift */ = {isa = PBXFileReference; lastKnownFileType = sourcecode.swift; path = AppDelegate.swift; sourceTree = "<group>"; };
		697CF6361C3D9AC100EC4BF6 /* ViewController.swift */ = {isa = PBXFileReference; lastKnownFileType = sourcecode.swift; path = ViewController.swift; sourceTree = "<group>"; };
		697CF6391C3D9AC100EC4BF6 /* Base */ = {isa = PBXFileReference; lastKnownFileType = file.storyboard; name = Base; path = Base.lproj/Main.storyboard; sourceTree = "<group>"; };
		697CF63B1C3D9AC100EC4BF6 /* Assets.xcassets */ = {isa = PBXFileReference; lastKnownFileType = folder.assetcatalog; path = Assets.xcassets; sourceTree = "<group>"; };
		697CF63E1C3D9AC100EC4BF6 /* Base */ = {isa = PBXFileReference; lastKnownFileType = file.storyboard; name = Base; path = Base.lproj/LaunchScreen.storyboard; sourceTree = "<group>"; };
		697CF6401C3D9AC100EC4BF6 /* Info.plist */ = {isa = PBXFileReference; lastKnownFileType = text.plist.xml; path = Info.plist; sourceTree = "<group>"; };
		697CF6451C3D9AC100EC4BF6 /* AboutMeTests.xctest */ = {isa = PBXFileReference; explicitFileType = wrapper.cfbundle; includeInIndex = 0; path = AboutMeTests.xctest; sourceTree = BUILT_PRODUCTS_DIR; };
		697CF6491C3D9AC100EC4BF6 /* AboutMeTests.swift */ = {isa = PBXFileReference; lastKnownFileType = sourcecode.swift; path = AboutMeTests.swift; sourceTree = "<group>"; };
		697CF64B1C3D9AC100EC4BF6 /* Info.plist */ = {isa = PBXFileReference; lastKnownFileType = text.plist.xml; path = Info.plist; sourceTree = "<group>"; };
/* End PBXFileReference section */

/* Begin PBXFrameworksBuildPhase section */
		697CF62E1C3D9AC100EC4BF6 /* Frameworks */ = {
			isa = PBXFrameworksBuildPhase;
			buildActionMask = 2147483647;
			files = (
			);
			runOnlyForDeploymentPostprocessing = 0;
		};
		697CF6421C3D9AC100EC4BF6 /* Frameworks */ = {
			isa = PBXFrameworksBuildPhase;
			buildActionMask = 2147483647;
			files = (
			);
			runOnlyForDeploymentPostprocessing = 0;
		};
/* End PBXFrameworksBuildPhase section */

/* Begin PBXGroup section */
		697CF6281C3D9AC100EC4BF6 = {
			isa = PBXGroup;
			children = (
				697CF6331C3D9AC100EC4BF6 /* AboutMe */,
				697CF6481C3D9AC100EC4BF6 /* AboutMeTests */,
				697CF6321C3D9AC100EC4BF6 /* Products */,
			);
			sourceTree = "<group>";
		};
		697CF6321C3D9AC100EC4BF6 /* Products */ = {
			isa = PBXGroup;
			children = (
				697CF6311C3D9AC100EC4BF6 /* AboutMe.app */,
				697CF6451C3D9AC100EC4BF6 /* AboutMeTests.xctest */,
			);
			name = Products;
			sourceTree = "<group>";
		};
		697CF6331C3D9AC100EC4BF6 /* AboutMe */ = {
			isa = PBXGroup;
			children = (
				697CF6341C3D9AC100EC4BF6 /* AppDelegate.swift */,
				697CF6361C3D9AC100EC4BF6 /* ViewController.swift */,
				697CF6381C3D9AC100EC4BF6 /* Main.storyboard */,
				697CF63B1C3D9AC100EC4BF6 /* Assets.xcassets */,
				697CF63D1C3D9AC100EC4BF6 /* LaunchScreen.storyboard */,
				697CF6401C3D9AC100EC4BF6 /* Info.plist */,
			);
			path = AboutMe;
			sourceTree = "<group>";
		};
		697CF6481C3D9AC100EC4BF6 /* AboutMeTests */ = {
			isa = PBXGroup;
			children = (
				697CF6491C3D9AC100EC4BF6 /* AboutMeTests.swift */,
				697CF64B1C3D9AC100EC4BF6 /* Info.plist */,
			);
			path = AboutMeTests;
			sourceTree = "<group>";
		};
/* End PBXGroup section */

/* Begin PBXNativeTarget section */
		697CF6301C3D9AC100EC4BF6 /* AboutMe */ = {
			isa = PBXNativeTarget;
			buildConfigurationList = 697CF64E1C3D9AC100EC4BF6 /* Build configuration list for PBXNativeTarget "AboutMe" */;
			buildPhases = (
				697CF62D1C3D9AC100EC4BF6 /* Sources */,
				697CF62E1C3D9AC100EC4BF6 /* Frameworks */,
				697CF62F1C3D9AC100EC4BF6 /* Resources */,
			);
			buildRules = (
			);
			dependencies = (
			);
			name = AboutMe;
			productName = AboutMe;
			productReference = 697CF6311C3D9AC100EC4BF6 /* AboutMe.app */;
			productType = "com.apple.product-type.application";
		};
		697CF6441C3D9AC100EC4BF6 /* AboutMeTests */ = {
			isa = PBXNativeTarget;
			buildConfigurationList = 697CF6511C3D9AC100EC4BF6 /* Build configuration list for PBXNativeTarget "AboutMeTests" */;
			buildPhases = (
				697CF6411C3D9AC100EC4BF6 /* Sources */,
				697CF6421C3D9AC100EC4BF6 /* Frameworks */,
				697CF6431C3D9AC100EC4BF6 /* Resources */,
			);
			buildRules = (
			);
			dependencies = (
				697CF6471C3D9AC100EC4BF6 /* PBXTargetDependency */,
			);
			name = AboutMeTests;
			productName = AboutMeTests;
			productReference = 697CF6451C3D9AC100EC4BF6 /* AboutMeTests.xctest */;
			productType = "com.apple.product-type.bundle.unit-test";
		};
/* End PBXNativeTarget section */

/* Begin PBXProject section */
		697CF6291C3D9AC100EC4BF6 /* Project object */ = {
			isa = PBXProject;
			attributes = {
				LastSwiftUpdateCheck = 0720;
				LastUpgradeCheck = 0720;
				ORGANIZATIONNAME = CTEC;
				TargetAttributes = {
					697CF6301C3D9AC100EC4BF6 = {
						CreatedOnToolsVersion = 7.2;
					};
					697CF6441C3D9AC100EC4BF6 = {
						CreatedOnToolsVersion = 7.2;
						TestTargetID = 697CF6301C3D9AC100EC4BF6;
					};
				};
			};
			buildConfigurationList = 697CF62C1C3D9AC100EC4BF6 /* Build configuration list for PBXProject "AboutMe" */;
			compatibilityVersion = "Xcode 3.2";
			developmentRegion = English;
			hasScannedForEncodings = 0;
			knownRegions = (
				en,
				Base,
			);
			mainGroup = 697CF6281C3D9AC100EC4BF6;
			productRefGroup = 697CF6321C3D9AC100EC4BF6 /* Products */;
			projectDirPath = "";
			projectRoot = "";
			targets = (
				697CF6301C3D9AC100EC4BF6 /* AboutMe */,
				697CF6441C3D9AC100EC4BF6 /* AboutMeTests */,
			);
		};
/* End PBXProject section */

/* Begin PBXResourcesBuildPhase section */
		697CF62F1C3D9AC100EC4BF6 /* Resources */ = {
			isa = PBXResourcesBuildPhase;
			buildActionMask = 2147483647;
			files = (
				697CF63F1C3D9AC100EC4BF6 /* LaunchScreen.storyboard in Resources */,
				697CF63C1C3D9AC100EC4BF6 /* Assets.xcassets in Resources */,
				697CF63A1C3D9AC100EC4BF6 /* Main.storyboard in Resources */,
			);
			runOnlyForDeploymentPostprocessing = 0;
		};
		697CF6431C3D9AC100EC4BF6 /* Resources */ = {
			isa = PBXResourcesBuildPhase;
			buildActionMask = 2147483647;
			files = (
			);
			runOnlyForDeploymentPostprocessing = 0;
		};
/* End PBXResourcesBuildPhase section */

/* Begin PBXSourcesBuildPhase section */
		697CF62D1C3D9AC100EC4BF6 /* Sources */ = {
			isa = PBXSourcesBuildPhase;
			buildActionMask = 2147483647;
			files = (
				697CF6371C3D9AC100EC4BF6 /* ViewController.swift in Sources */,
				697CF6351C3D9AC100EC4BF6 /* AppDelegate.swift in Sources */,
			);
			runOnlyForDeploymentPostprocessing = 0;
		};
		697CF6411C3D9AC100EC4BF6 /* Sources */ = {
			isa = PBXSourcesBuildPhase;
			buildActionMask = 2147483647;
			files = (
				697CF64A1C3D9AC100EC4BF6 /* AboutMeTests.swift in Sources */,
			);
			runOnlyForDeploymentPostprocessing = 0;
		};
/* End PBXSourcesBuildPhase section */

/* Begin PBXTargetDependency section */
		697CF6471C3D9AC100EC4BF6 /* PBXTargetDependency */ = {
			isa = PBXTargetDependency;
			target = 697CF6301C3D9AC100EC4BF6 /* AboutMe */;
			targetProxy = 697CF6461C3D9AC100EC4BF6 /* PBXContainerItemProxy */;
		};
/* End PBXTargetDependency section */

/* Begin PBXVariantGroup section */
		697CF6381C3D9AC100EC4BF6 /* Main.storyboard */ = {
			isa = PBXVariantGroup;
			children = (
				697CF6391C3D9AC100EC4BF6 /* Base */,
			);
			name = Main.storyboard;
			sourceTree = "<group>";
		};
		697CF63D1C3D9AC100EC4BF6 /* LaunchScreen.storyboard */ = {
			isa = PBXVariantGroup;
			children = (
				697CF63E1C3D9AC100EC4BF6 /* Base */,
			);
			name = LaunchScreen.storyboard;
			sourceTree = "<group>";
		};
/* End PBXVariantGroup section */

/* Begin XCBuildConfiguration section */
		697CF64C1C3D9AC100EC4BF6 /* Debug */ = {
			isa = XCBuildConfiguration;
			buildSettings = {
				ALWAYS_SEARCH_USER_PATHS = NO;
				CLANG_CXX_LANGUAGE_STANDARD = "gnu++0x";
				CLANG_CXX_LIBRARY = "libc++";
				CLANG_ENABLE_MODULES = YES;
				CLANG_ENABLE_OBJC_ARC = YES;
				CLANG_WARN_BOOL_CONVERSION = YES;
				CLANG_WARN_CONSTANT_CONVERSION = YES;
				CLANG_WARN_DIRECT_OBJC_ISA_USAGE = YES_ERROR;
				CLANG_WARN_EMPTY_BODY = YES;
				CLANG_WARN_ENUM_CONVERSION = YES;
				CLANG_WARN_INT_CONVERSION = YES;
				CLANG_WARN_OBJC_ROOT_CLASS = YES_ERROR;
				CLANG_WARN_UNREACHABLE_CODE = YES;
				CLANG_WARN__DUPLICATE_METHOD_MATCH = YES;
				"CODE_SIGN_IDENTITY[sdk=iphoneos*]" = "iPhone Developer";
				COPY_PHASE_STRIP = NO;
				DEBUG_INFORMATION_FORMAT = dwarf;
				ENABLE_STRICT_OBJC_MSGSEND = YES;
				ENABLE_TESTABILITY = YES;
				GCC_C_LANGUAGE_STANDARD = gnu99;
				GCC_DYNAMIC_NO_PIC = NO;
				GCC_NO_COMMON_BLOCKS = YES;
				GCC_OPTIMIZATION_LEVEL = 0;
				GCC_PREPROCESSOR_DEFINITIONS = (
					"DEBUG=1",
					"$(inherited)",
				);
				GCC_WARN_64_TO_32_BIT_CONVERSION = YES;
				GCC_WARN_ABOUT_RETURN_TYPE = YES_ERROR;
				GCC_WARN_UNDECLARED_SELECTOR = YES;
				GCC_WARN_UNINITIALIZED_AUTOS = YES_AGGRESSIVE;
				GCC_WARN_UNUSED_FUNCTION = YES;
				GCC_WARN_UNUSED_VARIABLE = YES;
				IPHONEOS_DEPLOYMENT_TARGET = 9.2;
				MTL_ENABLE_DEBUG_INFO = YES;
				ONLY_ACTIVE_ARCH = YES;
				SDKROOT = iphoneos;
				SWIFT_OPTIMIZATION_LEVEL = "-Onone";
				TARGETED_DEVICE_FAMILY = "1,2";
			};
			name = Debug;
		};
		697CF64D1C3D9AC100EC4BF6 /* Release */ = {
			isa = XCBuildConfiguration;
			buildSettings = {
				ALWAYS_SEARCH_USER_PATHS = NO;
				CLANG_CXX_LANGUAGE_STANDARD = "gnu++0x";
				CLANG_CXX_LIBRARY = "libc++";
				CLANG_ENABLE_MODULES = YES;
				CLANG_ENABLE_OBJC_ARC = YES;
				CLANG_WARN_BOOL_CONVERSION = YES;
				CLANG_WARN_CONSTANT_CONVERSION = YES;
				CLANG_WARN_DIRECT_OBJC_ISA_USAGE = YES_ERROR;
				CLANG_WARN_EMPTY_BODY = YES;
				CLANG_WARN_ENUM_CONVERSION = YES;
				CLANG_WARN_INT_CONVERSION = YES;
				CLANG_WARN_OBJC_ROOT_CLASS = YES_ERROR;
				CLANG_WARN_UNREACHABLE_CODE = YES;
				CLANG_WARN__DUPLICATE_METHOD_MATCH = YES;
				"CODE_SIGN_IDENTITY[sdk=iphoneos*]" = "iPhone Developer";
				COPY_PHASE_STRIP = NO;
				DEBUG_INFORMATION_FORMAT = "dwarf-with-dsym";
				ENABLE_NS_ASSERTIONS = NO;
				ENABLE_STRICT_OBJC_MSGSEND = YES;
				GCC_C_LANGUAGE_STANDARD = gnu99;
				GCC_NO_COMMON_BLOCKS = YES;
				GCC_WARN_64_TO_32_BIT_CONVERSION = YES;
				GCC_WARN_ABOUT_RETURN_TYPE = YES_ERROR;
				GCC_WARN_UNDECLARED_SELECTOR = YES;
				GCC_WARN_UNINITIALIZED_AUTOS = YES_AGGRESSIVE;
				GCC_WARN_UNUSED_FUNCTION = YES;
				GCC_WARN_UNUSED_VARIABLE = YES;
				IPHONEOS_DEPLOYMENT_TARGET = 9.2;
				MTL_ENABLE_DEBUG_INFO = NO;
				SDKROOT = iphoneos;
				TARGETED_DEVICE_FAMILY = "1,2";
				VALIDATE_PRODUCT = YES;
			};
			name = Release;
		};
		697CF64F1C3D9AC100EC4BF6 /* Debug */ = {
			isa = XCBuildConfiguration;
			buildSettings = {
				ASSETCATALOG_COMPILER_APPICON_NAME = AppIcon;
				INFOPLIST_FILE = AboutMe/Info.plist;
				LD_RUNPATH_SEARCH_PATHS = "$(inherited) @executable_path/Frameworks";
				PRODUCT_BUNDLE_IDENTIFIER = Denon.AboutMe;
				PRODUCT_NAME = "$(TARGET_NAME)";
			};
			name = Debug;
		};
		697CF6501C3D9AC100EC4BF6 /* Release */ = {
			isa = XCBuildConfiguration;
			buildSettings = {
				ASSETCATALOG_COMPILER_APPICON_NAME = AppIcon;
				INFOPLIST_FILE = AboutMe/Info.plist;
				LD_RUNPATH_SEARCH_PATHS = "$(inherited) @executable_path/Frameworks";
				PRODUCT_BUNDLE_IDENTIFIER = Denon.AboutMe;
				PRODUCT_NAME = "$(TARGET_NAME)";
			};
			name = Release;
		};
		697CF6521C3D9AC100EC4BF6 /* Debug */ = {
			isa = XCBuildConfiguration;
			buildSettings = {
				BUNDLE_LOADER = "$(TEST_HOST)";
				INFOPLIST_FILE = AboutMeTests/Info.plist;
				LD_RUNPATH_SEARCH_PATHS = "$(inherited) @executable_path/Frameworks @loader_path/Frameworks";
				PRODUCT_BUNDLE_IDENTIFIER = Denon.AboutMeTests;
				PRODUCT_NAME = "$(TARGET_NAME)";
				TEST_HOST = "$(BUILT_PRODUCTS_DIR)/AboutMe.app/AboutMe";
			};
			name = Debug;
		};
		697CF6531C3D9AC100EC4BF6 /* Release */ = {
			isa = XCBuildConfiguration;
			buildSettings = {
				BUNDLE_LOADER = "$(TEST_HOST)";
				INFOPLIST_FILE = AboutMeTests/Info.plist;
				LD_RUNPATH_SEARCH_PATHS = "$(inherited) @executable_path/Frameworks @loader_path/Frameworks";
				PRODUCT_BUNDLE_IDENTIFIER = Denon.AboutMeTests;
				PRODUCT_NAME = "$(TARGET_NAME)";
				TEST_HOST = "$(BUILT_PRODUCTS_DIR)/AboutMe.app/AboutMe";
			};
			name = Release;
		};
/* End XCBuildConfiguration section */

/* Begin XCConfigurationList section */
		697CF62C1C3D9AC100EC4BF6 /* Build configuration list for PBXProject "AboutMe" */ = {
			isa = XCConfigurationList;
			buildConfigurations = (
				697CF64C1C3D9AC100EC4BF6 /* Debug */,
				697CF64D1C3D9AC100EC4BF6 /* Release */,
			);
			defaultConfigurationIsVisible = 0;
			defaultConfigurationName = Release;
		};
		697CF64E1C3D9AC100EC4BF6 /* Build configuration list for PBXNativeTarget "AboutMe" */ = {
			isa = XCConfigurationList;
			buildConfigurations = (
				697CF64F1C3D9AC100EC4BF6 /* Debug */,
				697CF6501C3D9AC100EC4BF6 /* Release */,
			);
			defaultConfigurationIsVisible = 0;
		};
		697CF6511C3D9AC100EC4BF6 /* Build configuration list for PBXNativeTarget "AboutMeTests" */ = {
			isa = XCConfigurationList;
			buildConfigurations = (
				697CF6521C3D9AC100EC4BF6 /* Debug */,
				697CF6531C3D9AC100EC4BF6 /* Release */,
			);
			defaultConfigurationIsVisible = 0;
		};
/* End XCConfigurationList section */
	};
	rootObject = 697CF6291C3D9AC100EC4BF6 /* Project object */;
}
